
Microsoft Visual Studio Solution File, Format Version 12.00
# Visual Studio Version 16
VisualStudioVersion = 16.0.31019.35
MinimumVisualStudioVersion = 10.0.40219.1
Project("{FAE04EC0-301F-11D3-BF4B-00C04F79EFBC}") = "Postcode", "Postcode.csproj", "{7050BF23-B3F2-45DA-9C33-D050C1389AAE}"
EndProject
Project("{FAE04EC0-301F-11D3-BF4B-00C04F79EFBC}") = "Postcode.Tests", "..\Postcode.Tests\Postcode.Tests.csproj", "{796E37C0-F70D-4762-A910-F8CE8871D99A}"
EndProject
Global
	GlobalSection(SolutionConfigurationPlatforms) = preSolution
		Debug|Any CPU = Debug|Any CPU
		Release|Any CPU = Release|Any CPU
	EndGlobalSection
	GlobalSection(ProjectConfigurationPlatforms) = postSolution
		{7050BF23-B3F2-45DA-9C33-D050C1389AAE}.Debug|Any CPU.ActiveCfg = Debug|Any CPU
		{7050BF23-B3F2-45DA-9C33-D050C1389AAE}.Debug|Any CPU.Build.0 = Debug|Any CPU
		{7050BF23-B3F2-45DA-9C33-D050C1389AAE}.Release|Any CPU.ActiveCfg = Release|Any CPU
		{7050BF23-B3F2-45DA-9C33-D050C1389AAE}.Release|Any CPU.Build.0 = Release|Any CPU
		{796E37C0-F70D-4762-A910-F8CE8871D99A}.Debug|Any CPU.ActiveCfg = Debug|Any CPU
		{796E37C0-F70D-4762-A910-F8CE8871D99A}.Debug|Any CPU.Build.0 = Debug|Any CPU
		{796E37C0-F70D-4762-A910-F8CE8871D99A}.Release|Any CPU.ActiveCfg = Release|Any CPU
		{796E37C0-F70D-4762-A910-F8CE8871D99A}.Release|Any CPU.Build.0 = Release|Any CPU
	EndGlobalSection
	GlobalSection(SolutionProperties) = preSolution
		HideSolutionNode = FALSE
	EndGlobalSection
	GlobalSection(ExtensibilityGlobals) = postSolution
		SolutionGuid = {66EBBCF9-85D4-4177-B86C-2609AA6F3A0F}
	EndGlobalSection
EndGlobal
